// !$*UTF8*$!
{
	archiveVersion = 1;
	classes = {
	};
	objectVersion = 56;
	objects = {

/* Begin PBXBuildFile section */
		5C07F00E2B77C8F0005B7BCD /* iCalories_IndentlyTutorialApp.swift in Sources */ = {isa = PBXBuildFile; fileRef = 5C07F00D2B77C8F0005B7BCD /* iCalories_IndentlyTutorialApp.swift */; };
		5C07F0102B77C8F0005B7BCD /* ContentView.swift in Sources */ = {isa = PBXBuildFile; fileRef = 5C07F00F2B77C8F0005B7BCD /* ContentView.swift */; };
		5C07F0122B77C8F4005B7BCD /* Assets.xcassets in Resources */ = {isa = PBXBuildFile; fileRef = 5C07F0112B77C8F4005B7BCD /* Assets.xcassets */; };
		5C07F0152B77C8F4005B7BCD /* Preview Assets.xcassets in Resources */ = {isa = PBXBuildFile; fileRef = 5C07F0142B77C8F4005B7BCD /* Preview Assets.xcassets */; };
		5CE044BD2B78A2A300090817 /* FoodModel.xcdatamodeld in Sources */ = {isa = PBXBuildFile; fileRef = 5CE044BB2B78A2A300090817 /* FoodModel.xcdatamodeld */; };
		5CE044BF2B78A86D00090817 /* DataController.swift in Sources */ = {isa = PBXBuildFile; fileRef = 5CE044BE2B78A86D00090817 /* DataController.swift */; };
		5CE044C42B78AE4900090817 /* AddFoodView.swift in Sources */ = {isa = PBXBuildFile; fileRef = 5CE044C32B78AE4900090817 /* AddFoodView.swift */; };
		5CE044C62B78B6C700090817 /* TimeFormatting.swift in Sources */ = {isa = PBXBuildFile; fileRef = 5CE044C52B78B6C700090817 /* TimeFormatting.swift */; };
		5CE044C82B78CCEF00090817 /* EditFoodView.swift in Sources */ = {isa = PBXBuildFile; fileRef = 5CE044C72B78CCEF00090817 /* EditFoodView.swift */; };
/* End PBXBuildFile section */

/* Begin PBXFileReference section */
		5C07F00A2B77C8F0005B7BCD /* iCalories-IndentlyTutorial.app */ = {isa = PBXFileReference; explicitFileType = wrapper.application; includeInIndex = 0; path = "iCalories-IndentlyTutorial.app"; sourceTree = BUILT_PRODUCTS_DIR; };
		5C07F00D2B77C8F0005B7BCD /* iCalories_IndentlyTutorialApp.swift */ = {isa = PBXFileReference; lastKnownFileType = sourcecode.swift; path = iCalories_IndentlyTutorialApp.swift; sourceTree = "<group>"; };
		5C07F00F2B77C8F0005B7BCD /* ContentView.swift */ = {isa = PBXFileReference; lastKnownFileType = sourcecode.swift; path = ContentView.swift; sourceTree = "<group>"; };
		5C07F0112B77C8F4005B7BCD /* Assets.xcassets */ = {isa = PBXFileReference; lastKnownFileType = folder.assetcatalog; path = Assets.xcassets; sourceTree = "<group>"; };
		5C07F0142B77C8F4005B7BCD /* Preview Assets.xcassets */ = {isa = PBXFileReference; lastKnownFileType = folder.assetcatalog; path = "Preview Assets.xcassets"; sourceTree = "<group>"; };
		5CE044BC2B78A2A300090817 /* FoodModel.xcdatamodel */ = {isa = PBXFileReference; lastKnownFileType = wrapper.xcdatamodel; path = FoodModel.xcdatamodel; sourceTree = "<group>"; };
		5CE044BE2B78A86D00090817 /* DataController.swift */ = {isa = PBXFileReference; lastKnownFileType = sourcecode.swift; path = DataController.swift; sourceTree = "<group>"; };
		5CE044C32B78AE4900090817 /* AddFoodView.swift */ = {isa = PBXFileReference; lastKnownFileType = sourcecode.swift; path = AddFoodView.swift; sourceTree = "<group>"; };
		5CE044C52B78B6C700090817 /* TimeFormatting.swift */ = {isa = PBXFileReference; lastKnownFileType = sourcecode.swift; path = TimeFormatting.swift; sourceTree = "<group>"; };
		5CE044C72B78CCEF00090817 /* EditFoodView.swift */ = {isa = PBXFileReference; lastKnownFileType = sourcecode.swift; path = EditFoodView.swift; sourceTree = "<group>"; };
/* End PBXFileReference section */

/* Begin PBXFrameworksBuildPhase section */
		5C07F0072B77C8F0005B7BCD /* Frameworks */ = {
			isa = PBXFrameworksBuildPhase;
			buildActionMask = 2147483647;
			files = (
			);
			runOnlyForDeploymentPostprocessing = 0;
		};
/* End PBXFrameworksBuildPhase section */

/* Begin PBXGroup section */
		5C07F0012B77C8F0005B7BCD = {
			isa = PBXGroup;
			children = (
				5C07F00C2B77C8F0005B7BCD /* iCalories-IndentlyTutorial */,
				5C07F00B2B77C8F0005B7BCD /* Products */,
			);
			sourceTree = "<group>";
		};
		5C07F00B2B77C8F0005B7BCD /* Products */ = {
			isa = PBXGroup;
			children = (
				5C07F00A2B77C8F0005B7BCD /* iCalories-IndentlyTutorial.app */,
			);
			name = Products;
			sourceTree = "<group>";
		};
		5C07F00C2B77C8F0005B7BCD /* iCalories-IndentlyTutorial */ = {
			isa = PBXGroup;
			children = (
				5C07F00D2B77C8F0005B7BCD /* iCalories_IndentlyTutorialApp.swift */,
				5CE044C22B78AE0F00090817 /* Helper */,
				5CE044C12B78AE0300090817 /* Views */,
				5CE044BA2B789F7F00090817 /* DataModel */,
				5C07F0112B77C8F4005B7BCD /* Assets.xcassets */,
				5C07F0132B77C8F4005B7BCD /* Preview Content */,
			);
			path = "iCalories-IndentlyTutorial";
			sourceTree = "<group>";
		};
		5C07F0132B77C8F4005B7BCD /* Preview Content */ = {
			isa = PBXGroup;
			children = (
				5C07F0142B77C8F4005B7BCD /* Preview Assets.xcassets */,
			);
			path = "Preview Content";
			sourceTree = "<group>";
		};
		5CE044BA2B789F7F00090817 /* DataModel */ = {
			isa = PBXGroup;
			children = (
				5CE044BB2B78A2A300090817 /* FoodModel.xcdatamodeld */,
				5CE044BE2B78A86D00090817 /* DataController.swift */,
			);
			path = DataModel;
			sourceTree = "<group>";
		};
		5CE044C12B78AE0300090817 /* Views */ = {
			isa = PBXGroup;
			children = (
				5C07F00F2B77C8F0005B7BCD /* ContentView.swift */,
				5CE044C32B78AE4900090817 /* AddFoodView.swift */,
				5CE044C72B78CCEF00090817 /* EditFoodView.swift */,
			);
			path = Views;
			sourceTree = "<group>";
		};
		5CE044C22B78AE0F00090817 /* Helper */ = {
			isa = PBXGroup;
			children = (
				5CE044C52B78B6C700090817 /* TimeFormatting.swift */,
			);
			path = Helper;
			sourceTree = "<group>";
		};
/* End PBXGroup section */

/* Begin PBXNativeTarget section */
		5C07F0092B77C8F0005B7BCD /* iCalories-IndentlyTutorial */ = {
			isa = PBXNativeTarget;
			buildConfigurationList = 5C07F0182B77C8F4005B7BCD /* Build configuration list for PBXNativeTarget "iCalories-IndentlyTutorial" */;
			buildPhases = (
				5C07F0062B77C8F0005B7BCD /* Sources */,
				5C07F0072B77C8F0005B7BCD /* Frameworks */,
				5C07F0082B77C8F0005B7BCD /* Resources */,
			);
			buildRules = (
			);
			dependencies = (
			);
			name = "iCalories-IndentlyTutorial";
			productName = "iCalories-IndentlyTutorial";
			productReference = 5C07F00A2B77C8F0005B7BCD /* iCalories-IndentlyTutorial.app */;
			productType = "com.apple.product-type.application";
		};
/* End PBXNativeTarget section */

/* Begin PBXProject section */
		5C07F0022B77C8F0005B7BCD /* Project object */ = {
			isa = PBXProject;
			attributes = {
				BuildIndependentTargetsInParallel = 1;
				LastSwiftUpdateCheck = 1520;
				LastUpgradeCheck = 1520;
				TargetAttributes = {
					5C07F0092B77C8F0005B7BCD = {
						CreatedOnToolsVersion = 15.2;
					};
				};
			};
			buildConfigurationList = 5C07F0052B77C8F0005B7BCD /* Build configuration list for PBXProject "iCalories-IndentlyTutorial" */;
			compatibilityVersion = "Xcode 14.0";
			developmentRegion = en;
			hasScannedForEncodings = 0;
			knownRegions = (
				en,
				Base,
			);
			mainGroup = 5C07F0012B77C8F0005B7BCD;
			productRefGroup = 5C07F00B2B77C8F0005B7BCD /* Products */;
			projectDirPath = "";
			projectRoot = "";
			targets = (
				5C07F0092B77C8F0005B7BCD /* iCalories-IndentlyTutorial */,
			);
		};
/* End PBXProject section */

/* Begin PBXResourcesBuildPhase section */
		5C07F0082B77C8F0005B7BCD /* Resources */ = {
			isa = PBXResourcesBuildPhase;
			buildActionMask = 2147483647;
			files = (
				5C07F0152B77C8F4005B7BCD /* Preview Assets.xcassets in Resources */,
				5C07F0122B77C8F4005B7BCD /* Assets.xcassets in Resources */,
			);
			runOnlyForDeploymentPostprocessing = 0;
		};
/* End PBXResourcesBuildPhase section */

/* Begin PBXSourcesBuildPhase section */
		5C07F0062B77C8F0005B7BCD /* Sources */ = {
			isa = PBXSourcesBuildPhase;
			buildActionMask = 2147483647;
			files = (
				5CE044C42B78AE4900090817 /* AddFoodView.swift in Sources */,
				5C07F0102B77C8F0005B7BCD /* ContentView.swift in Sources */,
				5CE044BF2B78A86D00090817 /* DataController.swift in Sources */,
				5C07F00E2B77C8F0005B7BCD /* iCalories_IndentlyTutorialApp.swift in Sources */,
				5CE044BD2B78A2A300090817 /* FoodModel.xcdatamodeld in Sources */,
				5CE044C82B78CCEF00090817 /* EditFoodView.swift in Sources */,
				5CE044C62B78B6C700090817 /* TimeFormatting.swift in Sources */,
			);
			runOnlyForDeploymentPostprocessing = 0;
		};
/* End PBXSourcesBuildPhase section */

/* Begin XCBuildConfiguration section */
		5C07F0162B77C8F4005B7BCD /* Debug */ = {
			isa = XCBuildConfiguration;
			buildSettings = {
				ALWAYS_SEARCH_USER_PATHS = NO;
				ASSETCATALOG_COMPILER_GENERATE_SWIFT_ASSET_SYMBOL_EXTENSIONS = YES;
				CLANG_ANALYZER_NONNULL = YES;
				CLANG_ANALYZER_NUMBER_OBJECT_CONVERSION = YES_AGGRESSIVE;
				CLANG_CXX_LANGUAGE_STANDARD = "gnu++20";
				CLANG_ENABLE_MODULES = YES;
				CLANG_ENABLE_OBJC_ARC = YES;
				CLANG_ENABLE_OBJC_WEAK = YES;
				CLANG_WARN_BLOCK_CAPTURE_AUTORELEASING = YES;
				CLANG_WARN_BOOL_CONVERSION = YES;
				CLANG_WARN_COMMA = YES;
				CLANG_WARN_CONSTANT_CONVERSION = YES;
				CLANG_WARN_DEPRECATED_OBJC_IMPLEMENTATIONS = YES;
				CLANG_WARN_DIRECT_OBJC_ISA_USAGE = YES_ERROR;
				CLANG_WARN_DOCUMENTATION_COMMENTS = YES;
				CLANG_WARN_EMPTY_BODY = YES;
				CLANG_WARN_ENUM_CONVERSION = YES;
				CLANG_WARN_INFINITE_RECURSION = YES;
				CLANG_WARN_INT_CONVERSION = YES;
				CLANG_WARN_NON_LITERAL_NULL_CONVERSION = YES;
				CLANG_WARN_OBJC_IMPLICIT_RETAIN_SELF = YES;
				CLANG_WARN_OBJC_LITERAL_CONVERSION = YES;
				CLANG_WARN_OBJC_ROOT_CLASS = YES_ERROR;
				CLANG_WARN_QUOTED_INCLUDE_IN_FRAMEWORK_HEADER = YES;
				CLANG_WARN_RANGE_LOOP_ANALYSIS = YES;
				CLANG_WARN_STRICT_PROTOTYPES = YES;
				CLANG_WARN_SUSPICIOUS_MOVE = YES;
				CLANG_WARN_UNGUARDED_AVAILABILITY = YES_AGGRESSIVE;
				CLANG_WARN_UNREACHABLE_CODE = YES;
				CLANG_WARN__DUPLICATE_METHOD_MATCH = YES;
				COPY_PHASE_STRIP = NO;
				DEBUG_INFORMATION_FORMAT = dwarf;
				ENABLE_STRICT_OBJC_MSGSEND = YES;
				ENABLE_TESTABILITY = YES;
				ENABLE_USER_SCRIPT_SANDBOXING = YES;
				GCC_C_LANGUAGE_STANDARD = gnu17;
				GCC_DYNAMIC_NO_PIC = NO;
				GCC_NO_COMMON_BLOCKS = YES;
				GCC_OPTIMIZATION_LEVEL = 0;
				GCC_PREPROCESSOR_DEFINITIONS = (
					"DEBUG=1",
					"$(inherited)",
				);
				GCC_WARN_64_TO_32_BIT_CONVERSION = YES;
				GCC_WARN_ABOUT_RETURN_TYPE = YES_ERROR;
				GCC_WARN_UNDECLARED_SELECTOR = YES;
				GCC_WARN_UNINITIALIZED_AUTOS = YES_AGGRESSIVE;
				GCC_WARN_UNUSED_FUNCTION = YES;
				GCC_WARN_UNUSED_VARIABLE = YES;
				IPHONEOS_DEPLOYMENT_TARGET = 17.2;
				LOCALIZATION_PREFERS_STRING_CATALOGS = YES;
				MTL_ENABLE_DEBUG_INFO = INCLUDE_SOURCE;
				MTL_FAST_MATH = YES;
				ONLY_ACTIVE_ARCH = YES;
				SDKROOT = iphoneos;
				SWIFT_ACTIVE_COMPILATION_CONDITIONS = "DEBUG $(inherited)";
				SWIFT_OPTIMIZATION_LEVEL = "-Onone";
			};
			name = Debug;
		};
		5C07F0172B77C8F4005B7BCD /* Release */ = {
			isa = XCBuildConfiguration;
			buildSettings = {
				ALWAYS_SEARCH_USER_PATHS = NO;
				ASSETCATALOG_COMPILER_GENERATE_SWIFT_ASSET_SYMBOL_EXTENSIONS = YES;
				CLANG_ANALYZER_NONNULL = YES;
				CLANG_ANALYZER_NUMBER_OBJECT_CONVERSION = YES_AGGRESSIVE;
				CLANG_CXX_LANGUAGE_STANDARD = "gnu++20";
				CLANG_ENABLE_MODULES = YES;
				CLANG_ENABLE_OBJC_ARC = YES;
				CLANG_ENABLE_OBJC_WEAK = YES;
				CLANG_WARN_BLOCK_CAPTURE_AUTORELEASING = YES;
				CLANG_WARN_BOOL_CONVERSION = YES;
				CLANG_WARN_COMMA = YES;
				CLANG_WARN_CONSTANT_CONVERSION = YES;
				CLANG_WARN_DEPRECATED_OBJC_IMPLEMENTATIONS = YES;
				CLANG_WARN_DIRECT_OBJC_ISA_USAGE = YES_ERROR;
				CLANG_WARN_DOCUMENTATION_COMMENTS = YES;
				CLANG_WARN_EMPTY_BODY = YES;
				CLANG_WARN_ENUM_CONVERSION = YES;
				CLANG_WARN_INFINITE_RECURSION = YES;
				CLANG_WARN_INT_CONVERSION = YES;
				CLANG_WARN_NON_LITERAL_NULL_CONVERSION = YES;
				CLANG_WARN_OBJC_IMPLICIT_RETAIN_SELF = YES;
				CLANG_WARN_OBJC_LITERAL_CONVERSION = YES;
				CLANG_WARN_OBJC_ROOT_CLASS = YES_ERROR;
				CLANG_WARN_QUOTED_INCLUDE_IN_FRAMEWORK_HEADER = YES;
				CLANG_WARN_RANGE_LOOP_ANALYSIS = YES;
				CLANG_WARN_STRICT_PROTOTYPES = YES;
				CLANG_WARN_SUSPICIOUS_MOVE = YES;
				CLANG_WARN_UNGUARDED_AVAILABILITY = YES_AGGRESSIVE;
				CLANG_WARN_UNREACHABLE_CODE = YES;
				CLANG_WARN__DUPLICATE_METHOD_MATCH = YES;
				COPY_PHASE_STRIP = NO;
				DEBUG_INFORMATION_FORMAT = "dwarf-with-dsym";
				ENABLE_NS_ASSERTIONS = NO;
				ENABLE_STRICT_OBJC_MSGSEND = YES;
				ENABLE_USER_SCRIPT_SANDBOXING = YES;
				GCC_C_LANGUAGE_STANDARD = gnu17;
				GCC_NO_COMMON_BLOCKS = YES;
				GCC_WARN_64_TO_32_BIT_CONVERSION = YES;
				GCC_WARN_ABOUT_RETURN_TYPE = YES_ERROR;
				GCC_WARN_UNDECLARED_SELECTOR = YES;
				GCC_WARN_UNINITIALIZED_AUTOS = YES_AGGRESSIVE;
				GCC_WARN_UNUSED_FUNCTION = YES;
				GCC_WARN_UNUSED_VARIABLE = YES;
				IPHONEOS_DEPLOYMENT_TARGET = 17.2;
				LOCALIZATION_PREFERS_STRING_CATALOGS = YES;
				MTL_ENABLE_DEBUG_INFO = NO;
				MTL_FAST_MATH = YES;
				SDKROOT = iphoneos;
				SWIFT_COMPILATION_MODE = wholemodule;
				VALIDATE_PRODUCT = YES;
			};
			name = Release;
		};
		5C07F0192B77C8F4005B7BCD /* Debug */ = {
			isa = XCBuildConfiguration;
			buildSettings = {
				ASSETCATALOG_COMPILER_APPICON_NAME = AppIcon;
				ASSETCATALOG_COMPILER_GLOBAL_ACCENT_COLOR_NAME = AccentColor;
				CODE_SIGN_STYLE = Automatic;
				CURRENT_PROJECT_VERSION = 1;
				DEVELOPMENT_ASSET_PATHS = "\"iCalories-IndentlyTutorial/Preview Content\"";
				DEVELOPMENT_TEAM = 56ZBSRTSDR;
				ENABLE_PREVIEWS = YES;
				GENERATE_INFOPLIST_FILE = YES;
				INFOPLIST_KEY_UIApplicationSceneManifest_Generation = YES;
				INFOPLIST_KEY_UIApplicationSupportsIndirectInputEvents = YES;
				INFOPLIST_KEY_UILaunchScreen_Generation = YES;
				INFOPLIST_KEY_UISupportedInterfaceOrientations_iPad = "UIInterfaceOrientationPortrait UIInterfaceOrientationPortraitUpsideDown UIInterfaceOrientationLandscapeLeft UIInterfaceOrientationLandscapeRight";
				INFOPLIST_KEY_UISupportedInterfaceOrientations_iPhone = "UIInterfaceOrientationPortrait UIInterfaceOrientationLandscapeLeft UIInterfaceOrientationLandscapeRight";
				LD_RUNPATH_SEARCH_PATHS = (
					"$(inherited)",
					"@executable_path/Frameworks",
				);
				MARKETING_VERSION = 1.0;
				PRODUCT_BUNDLE_IDENTIFIER = "com.shreyasvilaschandrabhike.iCalories-IndentlyTutorial";
				PRODUCT_NAME = "$(TARGET_NAME)";
				SWIFT_EMIT_LOC_STRINGS = YES;
				SWIFT_VERSION = 5.0;
				TARGETED_DEVICE_FAMILY = "1,2";
			};
			name = Debug;
		};
		5C07F01A2B77C8F4005B7BCD /* Release */ = {
			isa = XCBuildConfiguration;
			buildSettings = {
				ASSETCATALOG_COMPILER_APPICON_NAME = AppIcon;
				ASSETCATALOG_COMPILER_GLOBAL_ACCENT_COLOR_NAME = AccentColor;
				CODE_SIGN_STYLE = Automatic;
				CURRENT_PROJECT_VERSION = 1;
				DEVELOPMENT_ASSET_PATHS = "\"iCalories-IndentlyTutorial/Preview Content\"";
				DEVELOPMENT_TEAM = 56ZBSRTSDR;
				ENABLE_PREVIEWS = YES;
				GENERATE_INFOPLIST_FILE = YES;
				INFOPLIST_KEY_UIApplicationSceneManifest_Generation = YES;
				INFOPLIST_KEY_UIApplicationSupportsIndirectInputEvents = YES;
				INFOPLIST_KEY_UILaunchScreen_Generation = YES;
				INFOPLIST_KEY_UISupportedInterfaceOrientations_iPad = "UIInterfaceOrientationPortrait UIInterfaceOrientationPortraitUpsideDown UIInterfaceOrientationLandscapeLeft UIInterfaceOrientationLandscapeRight";
				INFOPLIST_KEY_UISupportedInterfaceOrientations_iPhone = "UIInterfaceOrientationPortrait UIInterfaceOrientationLandscapeLeft UIInterfaceOrientationLandscapeRight";
				LD_RUNPATH_SEARCH_PATHS = (
					"$(inherited)",
					"@executable_path/Frameworks",
				);
				MARKETING_VERSION = 1.0;
				PRODUCT_BUNDLE_IDENTIFIER = "com.shreyasvilaschandrabhike.iCalories-IndentlyTutorial";
				PRODUCT_NAME = "$(TARGET_NAME)";
				SWIFT_EMIT_LOC_STRINGS = YES;
				SWIFT_VERSION = 5.0;
				TARGETED_DEVICE_FAMILY = "1,2";
			};
			name = Release;
		};
/* End XCBuildConfiguration section */

/* Begin XCConfigurationList section */
		5C07F0052B77C8F0005B7BCD /* Build configuration list for PBXProject "iCalories-IndentlyTutorial" */ = {
			isa = XCConfigurationList;
			buildConfigurations = (
				5C07F0162B77C8F4005B7BCD /* Debug */,
				5C07F0172B77C8F4005B7BCD /* Release */,
			);
			defaultConfigurationIsVisible = 0;
			defaultConfigurationName = Release;
		};
		5C07F0182B77C8F4005B7BCD /* Build configuration list for PBXNativeTarget "iCalories-IndentlyTutorial" */ = {
			isa = XCConfigurationList;
			buildConfigurations = (
				5C07F0192B77C8F4005B7BCD /* Debug */,
				5C07F01A2B77C8F4005B7BCD /* Release */,
			);
			defaultConfigurationIsVisible = 0;
			defaultConfigurationName = Release;
		};
/* End XCConfigurationList section */

/* Begin XCVersionGroup section */
		5CE044BB2B78A2A300090817 /* FoodModel.xcdatamodeld */ = {
			isa = XCVersionGroup;
			children = (
				5CE044BC2B78A2A300090817 /* FoodModel.xcdatamodel */,
			);
			currentVersion = 5CE044BC2B78A2A300090817 /* FoodModel.xcdatamodel */;
			path = FoodModel.xcdatamodeld;
			sourceTree = "<group>";
			versionGroupType = wrapper.xcdatamodel;
		};
/* End XCVersionGroup section */
	};
	rootObject = 5C07F0022B77C8F0005B7BCD /* Project object */;
}
